// !$*UTF8*$!
{
	archiveVersion = 1;
	classes = {
	};
	objectVersion = 46;
	objects = {

/* Begin PBXBuildFile section */
		F5E622DF177E4AEA009C550A /* UIKit.framework in Frameworks */ = {isa = PBXBuildFile; fileRef = F5E622DE177E4AEA009C550A /* UIKit.framework */; };
		F5E622E1177E4AEA009C550A /* Foundation.framework in Frameworks */ = {isa = PBXBuildFile; fileRef = F5E622E0177E4AEA009C550A /* Foundation.framework */; };
		F5E622E3177E4AEA009C550A /* CoreGraphics.framework in Frameworks */ = {isa = PBXBuildFile; fileRef = F5E622E2177E4AEA009C550A /* CoreGraphics.framework */; };
		F5E622E9177E4AEA009C550A /* InfoPlist.strings in Resources */ = {isa = PBXBuildFile; fileRef = F5E622E7177E4AEA009C550A /* InfoPlist.strings */; };
		F5E622EB177E4AEA009C550A /* main.m in Sources */ = {isa = PBXBuildFile; fileRef = F5E622EA177E4AEA009C550A /* main.m */; };
		F5E622EF177E4AEA009C550A /* AppDelegate.m in Sources */ = {isa = PBXBuildFile; fileRef = F5E622EE177E4AEA009C550A /* AppDelegate.m */; };
		F5E622F1177E4AEA009C550A /* Default.png in Resources */ = {isa = PBXBuildFile; fileRef = F5E622F0177E4AEA009C550A /* Default.png */; };
		F5E622F3177E4AEA009C550A /* Default@2x.png in Resources */ = {isa = PBXBuildFile; fileRef = F5E622F2177E4AEA009C550A /* Default@2x.png */; };
		F5E622F5177E4AEA009C550A /* Default-568h@2x.png in Resources */ = {isa = PBXBuildFile; fileRef = F5E622F4177E4AEA009C550A /* Default-568h@2x.png */; };
		F5E622F8177E4AEA009C550A /* MainStoryboard.storyboard in Resources */ = {isa = PBXBuildFile; fileRef = F5E622F6177E4AEA009C550A /* MainStoryboard.storyboard */; };
		F5E622FB177E4AEA009C550A /* ViewController.m in Sources */ = {isa = PBXBuildFile; fileRef = F5E622FA177E4AEA009C550A /* ViewController.m */; };
		F5E62303177E4AEA009C550A /* SenTestingKit.framework in Frameworks */ = {isa = PBXBuildFile; fileRef = F5E62302177E4AEA009C550A /* SenTestingKit.framework */; };
		F5E62304177E4AEA009C550A /* UIKit.framework in Frameworks */ = {isa = PBXBuildFile; fileRef = F5E622DE177E4AEA009C550A /* UIKit.framework */; };
		F5E62305177E4AEA009C550A /* Foundation.framework in Frameworks */ = {isa = PBXBuildFile; fileRef = F5E622E0177E4AEA009C550A /* Foundation.framework */; };
		F5E6230D177E4AEA009C550A /* InfoPlist.strings in Resources */ = {isa = PBXBuildFile; fileRef = F5E6230B177E4AEA009C550A /* InfoPlist.strings */; };
		F5E62310177E4AEA009C550A /* Button_FunTests.m in Sources */ = {isa = PBXBuildFile; fileRef = F5E6230F177E4AEA009C550A /* Button_FunTests.m */; };
/* End PBXBuildFile section */

/* Begin PBXContainerItemProxy section */
		F5E62306177E4AEA009C550A /* PBXContainerItemProxy */ = {
			isa = PBXContainerItemProxy;
			containerPortal = F5E622D3177E4AEA009C550A /* Project object */;
			proxyType = 1;
			remoteGlobalIDString = F5E622DA177E4AEA009C550A;
			remoteInfo = "Button Fun";
		};
/* End PBXContainerItemProxy section */

/* Begin PBXFileReference section */
		F5E622DB177E4AEA009C550A /* Button Fun.app */ = {isa = PBXFileReference; explicitFileType = wrapper.application; includeInIndex = 0; path = "Button Fun.app"; sourceTree = BUILT_PRODUCTS_DIR; };
		F5E622DE177E4AEA009C550A /* UIKit.framework */ = {isa = PBXFileReference; lastKnownFileType = wrapper.framework; name = UIKit.framework; path = System/Library/Frameworks/UIKit.framework; sourceTree = SDKROOT; };
		F5E622E0177E4AEA009C550A /* Foundation.framework */ = {isa = PBXFileReference; lastKnownFileType = wrapper.framework; name = Foundation.framework; path = System/Library/Frameworks/Foundation.framework; sourceTree = SDKROOT; };
		F5E622E2177E4AEA009C550A /* CoreGraphics.framework */ = {isa = PBXFileReference; lastKnownFileType = wrapper.framework; name = CoreGraphics.framework; path = System/Library/Frameworks/CoreGraphics.framework; sourceTree = SDKROOT; };
		F5E622E6177E4AEA009C550A /* Button Fun-Info.plist */ = {isa = PBXFileReference; lastKnownFileType = text.plist.xml; path = "Button Fun-Info.plist"; sourceTree = "<group>"; };
		F5E622E8177E4AEA009C550A /* en */ = {isa = PBXFileReference; lastKnownFileType = text.plist.strings; name = en; path = en.lproj/InfoPlist.strings; sourceTree = "<group>"; };
		F5E622EA177E4AEA009C550A /* main.m */ = {isa = PBXFileReference; lastKnownFileType = sourcecode.c.objc; path = main.m; sourceTree = "<group>"; };
		F5E622EC177E4AEA009C550A /* Button Fun-Prefix.pch */ = {isa = PBXFileReference; lastKnownFileType = sourcecode.c.h; path = "Button Fun-Prefix.pch"; sourceTree = "<group>"; };
		F5E622ED177E4AEA009C550A /* AppDelegate.h */ = {isa = PBXFileReference; lastKnownFileType = sourcecode.c.h; path = AppDelegate.h; sourceTree = "<group>"; };
		F5E622EE177E4AEA009C550A /* AppDelegate.m */ = {isa = PBXFileReference; lastKnownFileType = sourcecode.c.objc; path = AppDelegate.m; sourceTree = "<group>"; };
		F5E622F0177E4AEA009C550A /* Default.png */ = {isa = PBXFileReference; lastKnownFileType = image.png; path = Default.png; sourceTree = "<group>"; };
		F5E622F2177E4AEA009C550A /* Default@2x.png */ = {isa = PBXFileReference; lastKnownFileType = image.png; path = "Default@2x.png"; sourceTree = "<group>"; };
		F5E622F4177E4AEA009C550A /* Default-568h@2x.png */ = {isa = PBXFileReference; lastKnownFileType = image.png; path = "Default-568h@2x.png"; sourceTree = "<group>"; };
		F5E622F7177E4AEA009C550A /* en */ = {isa = PBXFileReference; lastKnownFileType = file.storyboard; name = en; path = en.lproj/MainStoryboard.storyboard; sourceTree = "<group>"; };
		F5E622F9177E4AEA009C550A /* ViewController.h */ = {isa = PBXFileReference; lastKnownFileType = sourcecode.c.h; path = ViewController.h; sourceTree = "<group>"; };
		F5E622FA177E4AEA009C550A /* ViewController.m */ = {isa = PBXFileReference; lastKnownFileType = sourcecode.c.objc; path = ViewController.m; sourceTree = "<group>"; };
		F5E62301177E4AEA009C550A /* Button FunTests.octest */ = {isa = PBXFileReference; explicitFileType = wrapper.cfbundle; includeInIndex = 0; path = "Button FunTests.octest"; sourceTree = BUILT_PRODUCTS_DIR; };
		F5E62302177E4AEA009C550A /* SenTestingKit.framework */ = {isa = PBXFileReference; lastKnownFileType = wrapper.framework; name = SenTestingKit.framework; path = Library/Frameworks/SenTestingKit.framework; sourceTree = DEVELOPER_DIR; };
		F5E6230A177E4AEA009C550A /* Button FunTests-Info.plist */ = {isa = PBXFileReference; lastKnownFileType = text.plist.xml; path = "Button FunTests-Info.plist"; sourceTree = "<group>"; };
		F5E6230C177E4AEA009C550A /* en */ = {isa = PBXFileReference; lastKnownFileType = text.plist.strings; name = en; path = en.lproj/InfoPlist.strings; sourceTree = "<group>"; };
		F5E6230E177E4AEA009C550A /* Button_FunTests.h */ = {isa = PBXFileReference; lastKnownFileType = sourcecode.c.h; path = Button_FunTests.h; sourceTree = "<group>"; };
		F5E6230F177E4AEA009C550A /* Button_FunTests.m */ = {isa = PBXFileReference; lastKnownFileType = sourcecode.c.objc; path = Button_FunTests.m; sourceTree = "<group>"; };
/* End PBXFileReference section */

/* Begin PBXFrameworksBuildPhase section */
		F5E622D8177E4AEA009C550A /* Frameworks */ = {
			isa = PBXFrameworksBuildPhase;
			buildActionMask = 2147483647;
			files = (
				F5E622DF177E4AEA009C550A /* UIKit.framework in Frameworks */,
				F5E622E1177E4AEA009C550A /* Foundation.framework in Frameworks */,
				F5E622E3177E4AEA009C550A /* CoreGraphics.framework in Frameworks */,
			);
			runOnlyForDeploymentPostprocessing = 0;
		};
		F5E622FD177E4AEA009C550A /* Frameworks */ = {
			isa = PBXFrameworksBuildPhase;
			buildActionMask = 2147483647;
			files = (
				F5E62303177E4AEA009C550A /* SenTestingKit.framework in Frameworks */,
				F5E62304177E4AEA009C550A /* UIKit.framework in Frameworks */,
				F5E62305177E4AEA009C550A /* Foundation.framework in Frameworks */,
			);
			runOnlyForDeploymentPostprocessing = 0;
		};
/* End PBXFrameworksBuildPhase section */

/* Begin PBXGroup section */
		F5E622D2177E4AEA009C550A = {
			isa = PBXGroup;
			children = (
				F5E622E4177E4AEA009C550A /* Button Fun */,
				F5E62308177E4AEA009C550A /* Button FunTests */,
				F5E622DD177E4AEA009C550A /* Frameworks */,
				F5E622DC177E4AEA009C550A /* Products */,
			);
			sourceTree = "<group>";
		};
		F5E622DC177E4AEA009C550A /* Products */ = {
			isa = PBXGroup;
			children = (
				F5E622DB177E4AEA009C550A /* Button Fun.app */,
				F5E62301177E4AEA009C550A /* Button FunTests.octest */,
			);
			name = Products;
			sourceTree = "<group>";
		};
		F5E622DD177E4AEA009C550A /* Frameworks */ = {
			isa = PBXGroup;
			children = (
				F5E622DE177E4AEA009C550A /* UIKit.framework */,
				F5E622E0177E4AEA009C550A /* Foundation.framework */,
				F5E622E2177E4AEA009C550A /* CoreGraphics.framework */,
				F5E62302177E4AEA009C550A /* SenTestingKit.framework */,
			);
			name = Frameworks;
			sourceTree = "<group>";
		};
		F5E622E4177E4AEA009C550A /* Button Fun */ = {
			isa = PBXGroup;
			children = (
				F5E622ED177E4AEA009C550A /* AppDelegate.h */,
				F5E622EE177E4AEA009C550A /* AppDelegate.m */,
				F5E622F6177E4AEA009C550A /* MainStoryboard.storyboard */,
				F5E622F9177E4AEA009C550A /* ViewController.h */,
				F5E622FA177E4AEA009C550A /* ViewController.m */,
				F5E622E5177E4AEA009C550A /* Supporting Files */,
			);
			path = "Button Fun";
			sourceTree = "<group>";
		};
		F5E622E5177E4AEA009C550A /* Supporting Files */ = {
			isa = PBXGroup;
			children = (
				F5E622E6177E4AEA009C550A /* Button Fun-Info.plist */,
				F5E622E7177E4AEA009C550A /* InfoPlist.strings */,
				F5E622EA177E4AEA009C550A /* main.m */,
				F5E622EC177E4AEA009C550A /* Button Fun-Prefix.pch */,
				F5E622F0177E4AEA009C550A /* Default.png */,
				F5E622F2177E4AEA009C550A /* Default@2x.png */,
				F5E622F4177E4AEA009C550A /* Default-568h@2x.png */,
			);
			name = "Supporting Files";
			sourceTree = "<group>";
		};
		F5E62308177E4AEA009C550A /* Button FunTests */ = {
			isa = PBXGroup;
			children = (
				F5E6230E177E4AEA009C550A /* Button_FunTests.h */,
				F5E6230F177E4AEA009C550A /* Button_FunTests.m */,
				F5E62309177E4AEA009C550A /* Supporting Files */,
			);
			path = "Button FunTests";
			sourceTree = "<group>";
		};
		F5E62309177E4AEA009C550A /* Supporting Files */ = {
			isa = PBXGroup;
			children = (
				F5E6230A177E4AEA009C550A /* Button FunTests-Info.plist */,
				F5E6230B177E4AEA009C550A /* InfoPlist.strings */,
			);
			name = "Supporting Files";
			sourceTree = "<group>";
		};
/* End PBXGroup section */

/* Begin PBXNativeTarget section */
		F5E622DA177E4AEA009C550A /* Button Fun */ = {
			isa = PBXNativeTarget;
			buildConfigurationList = F5E62313177E4AEA009C550A /* Build configuration list for PBXNativeTarget "Button Fun" */;
			buildPhases = (
				F5E622D7177E4AEA009C550A /* Sources */,
				F5E622D8177E4AEA009C550A /* Frameworks */,
				F5E622D9177E4AEA009C550A /* Resources */,
			);
			buildRules = (
			);
			dependencies = (
			);
			name = "Button Fun";
			productName = "Button Fun";
			productReference = F5E622DB177E4AEA009C550A /* Button Fun.app */;
			productType = "com.apple.product-type.application";
		};
		F5E62300177E4AEA009C550A /* Button FunTests */ = {
			isa = PBXNativeTarget;
			buildConfigurationList = F5E62316177E4AEA009C550A /* Build configuration list for PBXNativeTarget "Button FunTests" */;
			buildPhases = (
				F5E622FC177E4AEA009C550A /* Sources */,
				F5E622FD177E4AEA009C550A /* Frameworks */,
				F5E622FE177E4AEA009C550A /* Resources */,
				F5E622FF177E4AEA009C550A /* ShellScript */,
			);
			buildRules = (
			);
			dependencies = (
				F5E62307177E4AEA009C550A /* PBXTargetDependency */,
			);
			name = "Button FunTests";
			productName = "Button FunTests";
			productReference = F5E62301177E4AEA009C550A /* Button FunTests.octest */;
			productType = "com.apple.product-type.bundle";
		};
/* End PBXNativeTarget section */

/* Begin PBXProject section */
		F5E622D3177E4AEA009C550A /* Project object */ = {
			isa = PBXProject;
			attributes = {
				LastUpgradeCheck = 0460;
				ORGANIZATIONNAME = "Jinyang Zhou";
			};
			buildConfigurationList = F5E622D6177E4AEA009C550A /* Build configuration list for PBXProject "Button Fun" */;
			compatibilityVersion = "Xcode 3.2";
			developmentRegion = English;
			hasScannedForEncodings = 0;
			knownRegions = (
				en,
			);
			mainGroup = F5E622D2177E4AEA009C550A;
			productRefGroup = F5E622DC177E4AEA009C550A /* Products */;
			projectDirPath = "";
			projectRoot = "";
			targets = (
				F5E622DA177E4AEA009C550A /* Button Fun */,
				F5E62300177E4AEA009C550A /* Button FunTests */,
			);
		};
/* End PBXProject section */

/* Begin PBXResourcesBuildPhase section */
		F5E622D9177E4AEA009C550A /* Resources */ = {
			isa = PBXResourcesBuildPhase;
			buildActionMask = 2147483647;
			files = (
				F5E622E9177E4AEA009C550A /* InfoPlist.strings in Resources */,
				F5E622F1177E4AEA009C550A /* Default.png in Resources */,
				F5E622F3177E4AEA009C550A /* Default@2x.png in Resources */,
				F5E622F5177E4AEA009C550A /* Default-568h@2x.png in Resources */,
				F5E622F8177E4AEA009C550A /* MainStoryboard.storyboard in Resources */,
			);
			runOnlyForDeploymentPostprocessing = 0;
		};
		F5E622FE177E4AEA009C550A /* Resources */ = {
			isa = PBXResourcesBuildPhase;
			buildActionMask = 2147483647;
			files = (
				F5E6230D177E4AEA009C550A /* InfoPlist.strings in Resources */,
			);
			runOnlyForDeploymentPostprocessing = 0;
		};
/* End PBXResourcesBuildPhase section */

/* Begin PBXShellScriptBuildPhase section */
		F5E622FF177E4AEA009C550A /* ShellScript */ = {
			isa = PBXShellScriptBuildPhase;
			buildActionMask = 2147483647;
			files = (
			);
			inputPaths = (
			);
			outputPaths = (
			);
			runOnlyForDeploymentPostprocessing = 0;
			shellPath = /bin/sh;
			shellScript = "# Run the unit tests in this test bundle.\n\"${SYSTEM_DEVELOPER_DIR}/Tools/RunUnitTests\"\n";
		};
/* End PBXShellScriptBuildPhase section */

/* Begin PBXSourcesBuildPhase section */
		F5E622D7177E4AEA009C550A /* Sources */ = {
			isa = PBXSourcesBuildPhase;
			buildActionMask = 2147483647;
			files = (
				F5E622EB177E4AEA009C550A /* main.m in Sources */,
				F5E622EF177E4AEA009C550A /* AppDelegate.m in Sources */,
				F5E622FB177E4AEA009C550A /* ViewController.m in Sources */,
			);
			runOnlyForDeploymentPostprocessing = 0;
		};
		F5E622FC177E4AEA009C550A /* Sources */ = {
			isa = PBXSourcesBuildPhase;
			buildActionMask = 2147483647;
			files = (
				F5E62310177E4AEA009C550A /* Button_FunTests.m in Sources */,
			);
			runOnlyForDeploymentPostprocessing = 0;
		};
/* End PBXSourcesBuildPhase section */

/* Begin PBXTargetDependency section */
		F5E62307177E4AEA009C550A /* PBXTargetDependency */ = {
			isa = PBXTargetDependency;
			target = F5E622DA177E4AEA009C550A /* Button Fun */;
			targetProxy = F5E62306177E4AEA009C550A /* PBXContainerItemProxy */;
		};
/* End PBXTargetDependency section */

/* Begin PBXVariantGroup section */
		F5E622E7177E4AEA009C550A /* InfoPlist.strings */ = {
			isa = PBXVariantGroup;
			children = (
				F5E622E8177E4AEA009C550A /* en */,
			);
			name = InfoPlist.strings;
			sourceTree = "<group>";
		};
		F5E622F6177E4AEA009C550A /* MainStoryboard.storyboard */ = {
			isa = PBXVariantGroup;
			children = (
				F5E622F7177E4AEA009C550A /* en */,
			);
			name = MainStoryboard.storyboard;
			sourceTree = "<group>";
		};
		F5E6230B177E4AEA009C550A /* InfoPlist.strings */ = {
			isa = PBXVariantGroup;
			children = (
				F5E6230C177E4AEA009C550A /* en */,
			);
			name = InfoPlist.strings;
			sourceTree = "<group>";
		};
/* End PBXVariantGroup section */

/* Begin XCBuildConfiguration section */
		F5E62311177E4AEA009C550A /* Debug */ = {
			isa = XCBuildConfiguration;
			buildSettings = {
				ALWAYS_SEARCH_USER_PATHS = NO;
				CLANG_CXX_LANGUAGE_STANDARD = "gnu++0x";
				CLANG_CXX_LIBRARY = "libc++";
				CLANG_ENABLE_OBJC_ARC = YES;
				CLANG_WARN_CONSTANT_CONVERSION = YES;
				CLANG_WARN_EMPTY_BODY = YES;
				CLANG_WARN_ENUM_CONVERSION = YES;
				CLANG_WARN_INT_CONVERSION = YES;
				CLANG_WARN__DUPLICATE_METHOD_MATCH = YES;
				"CODE_SIGN_IDENTITY[sdk=iphoneos*]" = "iPhone Developer";
				COPY_PHASE_STRIP = NO;
				GCC_C_LANGUAGE_STANDARD = gnu99;
				GCC_DYNAMIC_NO_PIC = NO;
				GCC_OPTIMIZATION_LEVEL = 0;
				GCC_PREPROCESSOR_DEFINITIONS = (
					"DEBUG=1",
					"$(inherited)",
				);
				GCC_SYMBOLS_PRIVATE_EXTERN = NO;
				GCC_WARN_ABOUT_RETURN_TYPE = YES;
				GCC_WARN_UNINITIALIZED_AUTOS = YES;
				GCC_WARN_UNUSED_VARIABLE = YES;
				IPHONEOS_DEPLOYMENT_TARGET = 6.1;
				ONLY_ACTIVE_ARCH = YES;
				SDKROOT = iphoneos;
			};
			name = Debug;
		};
		F5E62312177E4AEA009C550A /* Release */ = {
			isa = XCBuildConfiguration;
			buildSettings = {
				ALWAYS_SEARCH_USER_PATHS = NO;
				CLANG_CXX_LANGUAGE_STANDARD = "gnu++0x";
				CLANG_CXX_LIBRARY = "libc++";
				CLANG_ENABLE_OBJC_ARC = YES;
				CLANG_WARN_CONSTANT_CONVERSION = YES;
				CLANG_WARN_EMPTY_BODY = YES;
				CLANG_WARN_ENUM_CONVERSION = YES;
				CLANG_WARN_INT_CONVERSION = YES;
				CLANG_WARN__DUPLICATE_METHOD_MATCH = YES;
				"CODE_SIGN_IDENTITY[sdk=iphoneos*]" = "iPhone Developer";
				COPY_PHASE_STRIP = YES;
				GCC_C_LANGUAGE_STANDARD = gnu99;
				GCC_WARN_ABOUT_RETURN_TYPE = YES;
				GCC_WARN_UNINITIALIZED_AUTOS = YES;
				GCC_WARN_UNUSED_VARIABLE = YES;
				IPHONEOS_DEPLOYMENT_TARGET = 6.1;
				OTHER_CFLAGS = "-DNS_BLOCK_ASSERTIONS=1";
				SDKROOT = iphoneos;
				VALIDATE_PRODUCT = YES;
			};
			name = Release;
		};
		F5E62314177E4AEA009C550A /* Debug */ = {
			isa = XCBuildConfiguration;
			buildSettings = {
				GCC_PRECOMPILE_PREFIX_HEADER = YES;
				GCC_PREFIX_HEADER = "Button Fun/Button Fun-Prefix.pch";
				INFOPLIST_FILE = "Button Fun/Button Fun-Info.plist";
				PRODUCT_NAME = "$(TARGET_NAME)";
				WRAPPER_EXTENSION = app;
			};
			name = Debug;
		};
		F5E62315177E4AEA009C550A /* Release */ = {
			isa = XCBuildConfiguration;
			buildSettings = {
				GCC_PRECOMPILE_PREFIX_HEADER = YES;
				GCC_PREFIX_HEADER = "Button Fun/Button Fun-Prefix.pch";
				INFOPLIST_FILE = "Button Fun/Button Fun-Info.plist";
				PRODUCT_NAME = "$(TARGET_NAME)";
				WRAPPER_EXTENSION = app;
			};
			name = Release;
		};
		F5E62317177E4AEA009C550A /* Debug */ = {
			isa = XCBuildConfiguration;
			buildSettings = {
				BUNDLE_LOADER = "$(BUILT_PRODUCTS_DIR)/Button Fun.app/Button Fun";
				FRAMEWORK_SEARCH_PATHS = (
					"\"$(SDKROOT)/Developer/Library/Frameworks\"",
					"\"$(DEVELOPER_LIBRARY_DIR)/Frameworks\"",
				);
				GCC_PRECOMPILE_PREFIX_HEADER = YES;
				GCC_PREFIX_HEADER = "Button Fun/Button Fun-Prefix.pch";
				INFOPLIST_FILE = "Button FunTests/Button FunTests-Info.plist";
				PRODUCT_NAME = "$(TARGET_NAME)";
				TEST_HOST = "$(BUNDLE_LOADER)";
				WRAPPER_EXTENSION = octest;
			};
			name = Debug;
		};
		F5E62318177E4AEA009C550A /* Release */ = {
			isa = XCBuildConfiguration;
			buildSettings = {
				BUNDLE_LOADER = "$(BUILT_PRODUCTS_DIR)/Button Fun.app/Button Fun";
				FRAMEWORK_SEARCH_PATHS = (
					"\"$(SDKROOT)/Developer/Library/Frameworks\"",
					"\"$(DEVELOPER_LIBRARY_DIR)/Frameworks\"",
				);
				GCC_PRECOMPILE_PREFIX_HEADER = YES;
				GCC_PREFIX_HEADER = "Button Fun/Button Fun-Prefix.pch";
				INFOPLIST_FILE = "Button FunTests/Button FunTests-Info.plist";
				PRODUCT_NAME = "$(TARGET_NAME)";
				TEST_HOST = "$(BUNDLE_LOADER)";
				WRAPPER_EXTENSION = octest;
			};
			name = Release;
		};
/* End XCBuildConfiguration section */

/* Begin XCConfigurationList section */
		F5E622D6177E4AEA009C550A /* Build configuration list for PBXProject "Button Fun" */ = {
			isa = XCConfigurationList;
			buildConfigurations = (
				F5E62311177E4AEA009C550A /* Debug */,
				F5E62312177E4AEA009C550A /* Release */,
			);
			defaultConfigurationIsVisible = 0;
			defaultConfigurationName = Release;
		};
		F5E62313177E4AEA009C550A /* Build configuration list for PBXNativeTarget "Button Fun" */ = {
			isa = XCConfigurationList;
			buildConfigurations = (
				F5E62314177E4AEA009C550A /* Debug */,
				F5E62315177E4AEA009C550A /* Release */,
			);
			defaultConfigurationIsVisible = 0;
		};
		F5E62316177E4AEA009C550A /* Build configuration list for PBXNativeTarget "Button FunTests" */ = {
			isa = XCConfigurationList;
			buildConfigurations = (
				F5E62317177E4AEA009C550A /* Debug */,
				F5E62318177E4AEA009C550A /* Release */,
			);
			defaultConfigurationIsVisible = 0;
		};
/* End XCConfigurationList section */
	};
	rootObject = F5E622D3177E4AEA009C550A /* Project object */;
}
